// !$*UTF8*$!
{
	archiveVersion = 1;
	classes = {
	};
	objectVersion = 46;
	objects = {

/* Begin PBXBuildFile section */
		90AB865F9F0243289A732554 /* libPods.a in Frameworks */ = {isa = PBXBuildFile; fileRef = 79682756BDC74B9DAF8B5806 /* libPods.a */; };
		C1EC96711934D03D00F793E4 /* SFDownloadHtml.m in Sources */ = {isa = PBXBuildFile; fileRef = C1EC96701934D03D00F793E4 /* SFDownloadHtml.m */; };
		C1F3C3B819348D29002D0CA4 /* Foundation.framework in Frameworks */ = {isa = PBXBuildFile; fileRef = C1F3C3B719348D29002D0CA4 /* Foundation.framework */; };
		C1F3C3BA19348D29002D0CA4 /* CoreGraphics.framework in Frameworks */ = {isa = PBXBuildFile; fileRef = C1F3C3B919348D29002D0CA4 /* CoreGraphics.framework */; };
		C1F3C3BC19348D29002D0CA4 /* UIKit.framework in Frameworks */ = {isa = PBXBuildFile; fileRef = C1F3C3BB19348D29002D0CA4 /* UIKit.framework */; };
		C1F3C3C219348D29002D0CA4 /* InfoPlist.strings in Resources */ = {isa = PBXBuildFile; fileRef = C1F3C3C019348D29002D0CA4 /* InfoPlist.strings */; };
		C1F3C3C419348D29002D0CA4 /* main.m in Sources */ = {isa = PBXBuildFile; fileRef = C1F3C3C319348D29002D0CA4 /* main.m */; };
		C1F3C3C819348D29002D0CA4 /* SFAppDelegate.m in Sources */ = {isa = PBXBuildFile; fileRef = C1F3C3C719348D29002D0CA4 /* SFAppDelegate.m */; };
		C1F3C3CB19348D29002D0CA4 /* Main.storyboard in Resources */ = {isa = PBXBuildFile; fileRef = C1F3C3C919348D29002D0CA4 /* Main.storyboard */; };
		C1F3C3CE19348D29002D0CA4 /* SFViewController.m in Sources */ = {isa = PBXBuildFile; fileRef = C1F3C3CD19348D29002D0CA4 /* SFViewController.m */; };
		C1F3C3D019348D29002D0CA4 /* Images.xcassets in Resources */ = {isa = PBXBuildFile; fileRef = C1F3C3CF19348D29002D0CA4 /* Images.xcassets */; };
		C1F3C3D719348D29002D0CA4 /* XCTest.framework in Frameworks */ = {isa = PBXBuildFile; fileRef = C1F3C3D619348D29002D0CA4 /* XCTest.framework */; };
		C1F3C3D819348D29002D0CA4 /* Foundation.framework in Frameworks */ = {isa = PBXBuildFile; fileRef = C1F3C3B719348D29002D0CA4 /* Foundation.framework */; };
		C1F3C3D919348D29002D0CA4 /* UIKit.framework in Frameworks */ = {isa = PBXBuildFile; fileRef = C1F3C3BB19348D29002D0CA4 /* UIKit.framework */; };
		C1F3C3E119348D29002D0CA4 /* InfoPlist.strings in Resources */ = {isa = PBXBuildFile; fileRef = C1F3C3DF19348D29002D0CA4 /* InfoPlist.strings */; };
		C1F3C3E319348D29002D0CA4 /* segmentfaultTests.m in Sources */ = {isa = PBXBuildFile; fileRef = C1F3C3E219348D29002D0CA4 /* segmentfaultTests.m */; };
		C1F3C3EF193492C7002D0CA4 /* SFItemTableViewCell.m in Sources */ = {isa = PBXBuildFile; fileRef = C1F3C3EE193492C7002D0CA4 /* SFItemTableViewCell.m */; };
/* End PBXBuildFile section */

/* Begin PBXContainerItemProxy section */
		C1F3C3DA19348D29002D0CA4 /* PBXContainerItemProxy */ = {
			isa = PBXContainerItemProxy;
			containerPortal = C1F3C3AC19348D28002D0CA4 /* Project object */;
			proxyType = 1;
			remoteGlobalIDString = C1F3C3B319348D28002D0CA4;
			remoteInfo = segmentfault;
		};
/* End PBXContainerItemProxy section */

/* Begin PBXFileReference section */
		79682756BDC74B9DAF8B5806 /* libPods.a */ = {isa = PBXFileReference; explicitFileType = archive.ar; includeInIndex = 0; path = libPods.a; sourceTree = BUILT_PRODUCTS_DIR; };
		97ADD0E3A5EB46B2943F63FB /* Pods.xcconfig */ = {isa = PBXFileReference; includeInIndex = 1; lastKnownFileType = text.xcconfig; name = Pods.xcconfig; path = Pods/Pods.xcconfig; sourceTree = "<group>"; };
		C1EC966F1934D03D00F793E4 /* SFDownloadHtml.h */ = {isa = PBXFileReference; fileEncoding = 4; lastKnownFileType = sourcecode.c.h; path = SFDownloadHtml.h; sourceTree = "<group>"; };
		C1EC96701934D03D00F793E4 /* SFDownloadHtml.m */ = {isa = PBXFileReference; fileEncoding = 4; lastKnownFileType = sourcecode.c.objc; path = SFDownloadHtml.m; sourceTree = "<group>"; };
		C1F3C3B419348D29002D0CA4 /* segmentfault.app */ = {isa = PBXFileReference; explicitFileType = wrapper.application; includeInIndex = 0; path = segmentfault.app; sourceTree = BUILT_PRODUCTS_DIR; };
		C1F3C3B719348D29002D0CA4 /* Foundation.framework */ = {isa = PBXFileReference; lastKnownFileType = wrapper.framework; name = Foundation.framework; path = System/Library/Frameworks/Foundation.framework; sourceTree = SDKROOT; };
		C1F3C3B919348D29002D0CA4 /* CoreGraphics.framework */ = {isa = PBXFileReference; lastKnownFileType = wrapper.framework; name = CoreGraphics.framework; path = System/Library/Frameworks/CoreGraphics.framework; sourceTree = SDKROOT; };
		C1F3C3BB19348D29002D0CA4 /* UIKit.framework */ = {isa = PBXFileReference; lastKnownFileType = wrapper.framework; name = UIKit.framework; path = System/Library/Frameworks/UIKit.framework; sourceTree = SDKROOT; };
		C1F3C3BF19348D29002D0CA4 /* segmentfault-Info.plist */ = {isa = PBXFileReference; lastKnownFileType = text.plist.xml; path = "segmentfault-Info.plist"; sourceTree = "<group>"; };
		C1F3C3C119348D29002D0CA4 /* en */ = {isa = PBXFileReference; lastKnownFileType = text.plist.strings; name = en; path = en.lproj/InfoPlist.strings; sourceTree = "<group>"; };
		C1F3C3C319348D29002D0CA4 /* main.m */ = {isa = PBXFileReference; lastKnownFileType = sourcecode.c.objc; path = main.m; sourceTree = "<group>"; };
		C1F3C3C519348D29002D0CA4 /* segmentfault-Prefix.pch */ = {isa = PBXFileReference; lastKnownFileType = sourcecode.c.h; path = "segmentfault-Prefix.pch"; sourceTree = "<group>"; };
		C1F3C3C619348D29002D0CA4 /* SFAppDelegate.h */ = {isa = PBXFileReference; lastKnownFileType = sourcecode.c.h; path = SFAppDelegate.h; sourceTree = "<group>"; };
		C1F3C3C719348D29002D0CA4 /* SFAppDelegate.m */ = {isa = PBXFileReference; lastKnownFileType = sourcecode.c.objc; path = SFAppDelegate.m; sourceTree = "<group>"; };
		C1F3C3CA19348D29002D0CA4 /* Base */ = {isa = PBXFileReference; lastKnownFileType = file.storyboard; name = Base; path = Base.lproj/Main.storyboard; sourceTree = "<group>"; };
		C1F3C3CC19348D29002D0CA4 /* SFViewController.h */ = {isa = PBXFileReference; lastKnownFileType = sourcecode.c.h; path = SFViewController.h; sourceTree = "<group>"; };
		C1F3C3CD19348D29002D0CA4 /* SFViewController.m */ = {isa = PBXFileReference; lastKnownFileType = sourcecode.c.objc; path = SFViewController.m; sourceTree = "<group>"; };
		C1F3C3CF19348D29002D0CA4 /* Images.xcassets */ = {isa = PBXFileReference; lastKnownFileType = folder.assetcatalog; path = Images.xcassets; sourceTree = "<group>"; };
		C1F3C3D519348D29002D0CA4 /* segmentfaultTests.xctest */ = {isa = PBXFileReference; explicitFileType = wrapper.cfbundle; includeInIndex = 0; path = segmentfaultTests.xctest; sourceTree = BUILT_PRODUCTS_DIR; };
		C1F3C3D619348D29002D0CA4 /* XCTest.framework */ = {isa = PBXFileReference; lastKnownFileType = wrapper.framework; name = XCTest.framework; path = Library/Frameworks/XCTest.framework; sourceTree = DEVELOPER_DIR; };
		C1F3C3DE19348D29002D0CA4 /* segmentfaultTests-Info.plist */ = {isa = PBXFileReference; lastKnownFileType = text.plist.xml; path = "segmentfaultTests-Info.plist"; sourceTree = "<group>"; };
		C1F3C3E019348D29002D0CA4 /* en */ = {isa = PBXFileReference; lastKnownFileType = text.plist.strings; name = en; path = en.lproj/InfoPlist.strings; sourceTree = "<group>"; };
		C1F3C3E219348D29002D0CA4 /* segmentfaultTests.m */ = {isa = PBXFileReference; lastKnownFileType = sourcecode.c.objc; path = segmentfaultTests.m; sourceTree = "<group>"; };
		C1F3C3ED193492C7002D0CA4 /* SFItemTableViewCell.h */ = {isa = PBXFileReference; fileEncoding = 4; lastKnownFileType = sourcecode.c.h; path = SFItemTableViewCell.h; sourceTree = "<group>"; };
		C1F3C3EE193492C7002D0CA4 /* SFItemTableViewCell.m */ = {isa = PBXFileReference; fileEncoding = 4; lastKnownFileType = sourcecode.c.objc; path = SFItemTableViewCell.m; sourceTree = "<group>"; };
/* End PBXFileReference section */

/* Begin PBXFrameworksBuildPhase section */
		C1F3C3B119348D28002D0CA4 /* Frameworks */ = {
			isa = PBXFrameworksBuildPhase;
			buildActionMask = 2147483647;
			files = (
				C1F3C3BA19348D29002D0CA4 /* CoreGraphics.framework in Frameworks */,
				C1F3C3BC19348D29002D0CA4 /* UIKit.framework in Frameworks */,
				C1F3C3B819348D29002D0CA4 /* Foundation.framework in Frameworks */,
				90AB865F9F0243289A732554 /* libPods.a in Frameworks */,
			);
			runOnlyForDeploymentPostprocessing = 0;
		};
		C1F3C3D219348D29002D0CA4 /* Frameworks */ = {
			isa = PBXFrameworksBuildPhase;
			buildActionMask = 2147483647;
			files = (
				C1F3C3D719348D29002D0CA4 /* XCTest.framework in Frameworks */,
				C1F3C3D919348D29002D0CA4 /* UIKit.framework in Frameworks */,
				C1F3C3D819348D29002D0CA4 /* Foundation.framework in Frameworks */,
			);
			runOnlyForDeploymentPostprocessing = 0;
		};
/* End PBXFrameworksBuildPhase section */

/* Begin PBXGroup section */
		C1EC966E1934D00300F793E4 /* Utils */ = {
			isa = PBXGroup;
			children = (
				C1EC966F1934D03D00F793E4 /* SFDownloadHtml.h */,
				C1EC96701934D03D00F793E4 /* SFDownloadHtml.m */,
			);
			name = Utils;
			sourceTree = "<group>";
		};
		C1F3C3AB19348D28002D0CA4 = {
			isa = PBXGroup;
			children = (
				C1F3C3BD19348D29002D0CA4 /* segmentfault */,
				C1F3C3DC19348D29002D0CA4 /* segmentfaultTests */,
				C1F3C3B619348D29002D0CA4 /* Frameworks */,
				C1F3C3B519348D29002D0CA4 /* Products */,
				97ADD0E3A5EB46B2943F63FB /* Pods.xcconfig */,
			);
			sourceTree = "<group>";
		};
		C1F3C3B519348D29002D0CA4 /* Products */ = {
			isa = PBXGroup;
			children = (
				C1F3C3B419348D29002D0CA4 /* segmentfault.app */,
				C1F3C3D519348D29002D0CA4 /* segmentfaultTests.xctest */,
			);
			name = Products;
			sourceTree = "<group>";
		};
		C1F3C3B619348D29002D0CA4 /* Frameworks */ = {
			isa = PBXGroup;
			children = (
				C1F3C3B719348D29002D0CA4 /* Foundation.framework */,
				C1F3C3B919348D29002D0CA4 /* CoreGraphics.framework */,
				C1F3C3BB19348D29002D0CA4 /* UIKit.framework */,
				C1F3C3D619348D29002D0CA4 /* XCTest.framework */,
				79682756BDC74B9DAF8B5806 /* libPods.a */,
			);
			name = Frameworks;
			sourceTree = "<group>";
		};
		C1F3C3BD19348D29002D0CA4 /* segmentfault */ = {
			isa = PBXGroup;
			children = (
				C1EC966E1934D00300F793E4 /* Utils */,
				C1F3C3F0193493A6002D0CA4 /* ViewController */,
				C1F3C3EC1934929C002D0CA4 /* view */,
				C1F3C3C619348D29002D0CA4 /* SFAppDelegate.h */,
				C1F3C3C719348D29002D0CA4 /* SFAppDelegate.m */,
				C1F3C3CF19348D29002D0CA4 /* Images.xcassets */,
				C1F3C3BE19348D29002D0CA4 /* Supporting Files */,
			);
			path = segmentfault;
			sourceTree = "<group>";
		};
		C1F3C3BE19348D29002D0CA4 /* Supporting Files */ = {
			isa = PBXGroup;
			children = (
				C1F3C3BF19348D29002D0CA4 /* segmentfault-Info.plist */,
				C1F3C3C019348D29002D0CA4 /* InfoPlist.strings */,
				C1F3C3C319348D29002D0CA4 /* main.m */,
				C1F3C3C519348D29002D0CA4 /* segmentfault-Prefix.pch */,
			);
			name = "Supporting Files";
			sourceTree = "<group>";
		};
		C1F3C3DC19348D29002D0CA4 /* segmentfaultTests */ = {
			isa = PBXGroup;
			children = (
				C1F3C3E219348D29002D0CA4 /* segmentfaultTests.m */,
				C1F3C3DD19348D29002D0CA4 /* Supporting Files */,
			);
			path = segmentfaultTests;
			sourceTree = "<group>";
		};
		C1F3C3DD19348D29002D0CA4 /* Supporting Files */ = {
			isa = PBXGroup;
			children = (
				C1F3C3DE19348D29002D0CA4 /* segmentfaultTests-Info.plist */,
				C1F3C3DF19348D29002D0CA4 /* InfoPlist.strings */,
			);
			name = "Supporting Files";
			sourceTree = "<group>";
		};
		C1F3C3EC1934929C002D0CA4 /* view */ = {
			isa = PBXGroup;
			children = (
				C1F3C3C919348D29002D0CA4 /* Main.storyboard */,
				C1F3C3ED193492C7002D0CA4 /* SFItemTableViewCell.h */,
				C1F3C3EE193492C7002D0CA4 /* SFItemTableViewCell.m */,
			);
			name = view;
			sourceTree = "<group>";
		};
		C1F3C3F0193493A6002D0CA4 /* ViewController */ = {
			isa = PBXGroup;
			children = (
				C1F3C3CC19348D29002D0CA4 /* SFViewController.h */,
				C1F3C3CD19348D29002D0CA4 /* SFViewController.m */,
			);
			name = ViewController;
			sourceTree = "<group>";
		};
/* End PBXGroup section */

/* Begin PBXNativeTarget section */
		C1F3C3B319348D28002D0CA4 /* segmentfault */ = {
			isa = PBXNativeTarget;
			buildConfigurationList = C1F3C3E619348D29002D0CA4 /* Build configuration list for PBXNativeTarget "segmentfault" */;
			buildPhases = (
				6B2D7BE521EE449DAAF48127 /* Check Pods Manifest.lock */,
				C1F3C3B019348D28002D0CA4 /* Sources */,
				C1F3C3B119348D28002D0CA4 /* Frameworks */,
				C1F3C3B219348D28002D0CA4 /* Resources */,
				4ABB7B9ABF2541A7B91C1B7F /* Copy Pods Resources */,
			);
			buildRules = (
			);
			dependencies = (
			);
			name = segmentfault;
			productName = segmentfault;
			productReference = C1F3C3B419348D29002D0CA4 /* segmentfault.app */;
			productType = "com.apple.product-type.application";
		};
		C1F3C3D419348D29002D0CA4 /* segmentfaultTests */ = {
			isa = PBXNativeTarget;
			buildConfigurationList = C1F3C3E919348D29002D0CA4 /* Build configuration list for PBXNativeTarget "segmentfaultTests" */;
			buildPhases = (
				C1F3C3D119348D29002D0CA4 /* Sources */,
				C1F3C3D219348D29002D0CA4 /* Frameworks */,
				C1F3C3D319348D29002D0CA4 /* Resources */,
			);
			buildRules = (
			);
			dependencies = (
				C1F3C3DB19348D29002D0CA4 /* PBXTargetDependency */,
			);
			name = segmentfaultTests;
			productName = segmentfaultTests;
			productReference = C1F3C3D519348D29002D0CA4 /* segmentfaultTests.xctest */;
			productType = "com.apple.product-type.bundle.unit-test";
		};
/* End PBXNativeTarget section */

/* Begin PBXProject section */
		C1F3C3AC19348D28002D0CA4 /* Project object */ = {
			isa = PBXProject;
			attributes = {
				CLASSPREFIX = SF;
				LastUpgradeCheck = 0510;
				ORGANIZATIONNAME = segmentfault;
				TargetAttributes = {
					C1F3C3D419348D29002D0CA4 = {
						TestTargetID = C1F3C3B319348D28002D0CA4;
					};
				};
			};
			buildConfigurationList = C1F3C3AF19348D28002D0CA4 /* Build configuration list for PBXProject "segmentfault" */;
			compatibilityVersion = "Xcode 3.2";
			developmentRegion = English;
			hasScannedForEncodings = 0;
			knownRegions = (
				en,
				Base,
			);
			mainGroup = C1F3C3AB19348D28002D0CA4;
			productRefGroup = C1F3C3B519348D29002D0CA4 /* Products */;
			projectDirPath = "";
			projectRoot = "";
			targets = (
				C1F3C3B319348D28002D0CA4 /* segmentfault */,
				C1F3C3D419348D29002D0CA4 /* segmentfaultTests */,
			);
		};
/* End PBXProject section */

/* Begin PBXResourcesBuildPhase section */
		C1F3C3B219348D28002D0CA4 /* Resources */ = {
			isa = PBXResourcesBuildPhase;
			buildActionMask = 2147483647;
			files = (
				C1F3C3D019348D29002D0CA4 /* Images.xcassets in Resources */,
				C1F3C3C219348D29002D0CA4 /* InfoPlist.strings in Resources */,
				C1F3C3CB19348D29002D0CA4 /* Main.storyboard in Resources */,
			);
			runOnlyForDeploymentPostprocessing = 0;
		};
		C1F3C3D319348D29002D0CA4 /* Resources */ = {
			isa = PBXResourcesBuildPhase;
			buildActionMask = 2147483647;
			files = (
				C1F3C3E119348D29002D0CA4 /* InfoPlist.strings in Resources */,
			);
			runOnlyForDeploymentPostprocessing = 0;
		};
/* End PBXResourcesBuildPhase section */

/* Begin PBXShellScriptBuildPhase section */
		4ABB7B9ABF2541A7B91C1B7F /* Copy Pods Resources */ = {
			isa = PBXShellScriptBuildPhase;
			buildActionMask = 2147483647;
			files = (
			);
			inputPaths = (
			);
			name = "Copy Pods Resources";
			outputPaths = (
			);
			runOnlyForDeploymentPostprocessing = 0;
			shellPath = /bin/sh;
			shellScript = "\"${SRCROOT}/Pods/Pods-resources.sh\"\n";
			showEnvVarsInLog = 0;
		};
		6B2D7BE521EE449DAAF48127 /* Check Pods Manifest.lock */ = {
			isa = PBXShellScriptBuildPhase;
			buildActionMask = 2147483647;
			files = (
			);
			inputPaths = (
			);
			name = "Check Pods Manifest.lock";
			outputPaths = (
			);
			runOnlyForDeploymentPostprocessing = 0;
			shellPath = /bin/sh;
			shellScript = "diff \"${PODS_ROOT}/../Podfile.lock\" \"${PODS_ROOT}/Manifest.lock\" > /dev/null\nif [[ $? != 0 ]] ; then\n    cat << EOM\nerror: The sandbox is not in sync with the Podfile.lock. Run 'pod install' or update your CocoaPods installation.\nEOM\n    exit 1\nfi\n";
			showEnvVarsInLog = 0;
		};
/* End PBXShellScriptBuildPhase section */

/* Begin PBXSourcesBuildPhase section */
		C1F3C3B019348D28002D0CA4 /* Sources */ = {
			isa = PBXSourcesBuildPhase;
			buildActionMask = 2147483647;
			files = (
				C1F3C3C419348D29002D0CA4 /* main.m in Sources */,
				C1F3C3CE19348D29002D0CA4 /* SFViewController.m in Sources */,
				C1F3C3C819348D29002D0CA4 /* SFAppDelegate.m in Sources */,
				C1EC96711934D03D00F793E4 /* SFDownloadHtml.m in Sources */,
				C1F3C3EF193492C7002D0CA4 /* SFItemTableViewCell.m in Sources */,
			);
			runOnlyForDeploymentPostprocessing = 0;
		};
		C1F3C3D119348D29002D0CA4 /* Sources */ = {
			isa = PBXSourcesBuildPhase;
			buildActionMask = 2147483647;
			files = (
				C1F3C3E319348D29002D0CA4 /* segmentfaultTests.m in Sources */,
			);
			runOnlyForDeploymentPostprocessing = 0;
		};
/* End PBXSourcesBuildPhase section */

/* Begin PBXTargetDependency section */
		C1F3C3DB19348D29002D0CA4 /* PBXTargetDependency */ = {
			isa = PBXTargetDependency;
			target = C1F3C3B319348D28002D0CA4 /* segmentfault */;
			targetProxy = C1F3C3DA19348D29002D0CA4 /* PBXContainerItemProxy */;
		};
/* End PBXTargetDependency section */

/* Begin PBXVariantGroup section */
		C1F3C3C019348D29002D0CA4 /* InfoPlist.strings */ = {
			isa = PBXVariantGroup;
			children = (
				C1F3C3C119348D29002D0CA4 /* en */,
			);
			name = InfoPlist.strings;
			sourceTree = "<group>";
		};
		C1F3C3C919348D29002D0CA4 /* Main.storyboard */ = {
			isa = PBXVariantGroup;
			children = (
				C1F3C3CA19348D29002D0CA4 /* Base */,
			);
			name = Main.storyboard;
			sourceTree = "<group>";
		};
		C1F3C3DF19348D29002D0CA4 /* InfoPlist.strings */ = {
			isa = PBXVariantGroup;
			children = (
				C1F3C3E019348D29002D0CA4 /* en */,
			);
			name = InfoPlist.strings;
			sourceTree = "<group>";
		};
/* End PBXVariantGroup section */

/* Begin XCBuildConfiguration section */
		C1F3C3E419348D29002D0CA4 /* Debug */ = {
			isa = XCBuildConfiguration;
			buildSettings = {
				ALWAYS_SEARCH_USER_PATHS = NO;
				CLANG_CXX_LANGUAGE_STANDARD = "gnu++0x";
				CLANG_CXX_LIBRARY = "libc++";
				CLANG_ENABLE_MODULES = YES;
				CLANG_ENABLE_OBJC_ARC = YES;
				CLANG_WARN_BOOL_CONVERSION = YES;
				CLANG_WARN_CONSTANT_CONVERSION = YES;
				CLANG_WARN_DIRECT_OBJC_ISA_USAGE = YES_ERROR;
				CLANG_WARN_EMPTY_BODY = YES;
				CLANG_WARN_ENUM_CONVERSION = YES;
				CLANG_WARN_INT_CONVERSION = YES;
				CLANG_WARN_OBJC_ROOT_CLASS = YES_ERROR;
				CLANG_WARN__DUPLICATE_METHOD_MATCH = YES;
				"CODE_SIGN_IDENTITY[sdk=iphoneos*]" = "iPhone Developer";
				COPY_PHASE_STRIP = NO;
				GCC_C_LANGUAGE_STANDARD = gnu99;
				GCC_DYNAMIC_NO_PIC = NO;
				GCC_OPTIMIZATION_LEVEL = 0;
				GCC_PREPROCESSOR_DEFINITIONS = (
					"DEBUG=1",
					"$(inherited)",
				);
				GCC_SYMBOLS_PRIVATE_EXTERN = NO;
				GCC_WARN_64_TO_32_BIT_CONVERSION = YES;
				GCC_WARN_ABOUT_RETURN_TYPE = YES_ERROR;
				GCC_WARN_UNDECLARED_SELECTOR = YES;
				GCC_WARN_UNINITIALIZED_AUTOS = YES_AGGRESSIVE;
				GCC_WARN_UNUSED_FUNCTION = YES;
				GCC_WARN_UNUSED_VARIABLE = YES;
				IPHONEOS_DEPLOYMENT_TARGET = 7.1;
				ONLY_ACTIVE_ARCH = YES;
				SDKROOT = iphoneos;
			};
			name = Debug;
		};
		C1F3C3E519348D29002D0CA4 /* Release */ = {
			isa = XCBuildConfiguration;
			buildSettings = {
				ALWAYS_SEARCH_USER_PATHS = NO;
				CLANG_CXX_LANGUAGE_STANDARD = "gnu++0x";
				CLANG_CXX_LIBRARY = "libc++";
				CLANG_ENABLE_MODULES = YES;
				CLANG_ENABLE_OBJC_ARC = YES;
				CLANG_WARN_BOOL_CONVERSION = YES;
				CLANG_WARN_CONSTANT_CONVERSION = YES;
				CLANG_WARN_DIRECT_OBJC_ISA_USAGE = YES_ERROR;
				CLANG_WARN_EMPTY_BODY = YES;
				CLANG_WARN_ENUM_CONVERSION = YES;
				CLANG_WARN_INT_CONVERSION = YES;
				CLANG_WARN_OBJC_ROOT_CLASS = YES_ERROR;
				CLANG_WARN__DUPLICATE_METHOD_MATCH = YES;
				"CODE_SIGN_IDENTITY[sdk=iphoneos*]" = "iPhone Developer";
				COPY_PHASE_STRIP = YES;
				ENABLE_NS_ASSERTIONS = NO;
				GCC_C_LANGUAGE_STANDARD = gnu99;
				GCC_WARN_64_TO_32_BIT_CONVERSION = YES;
				GCC_WARN_ABOUT_RETURN_TYPE = YES_ERROR;
				GCC_WARN_UNDECLARED_SELECTOR = YES;
				GCC_WARN_UNINITIALIZED_AUTOS = YES_AGGRESSIVE;
				GCC_WARN_UNUSED_FUNCTION = YES;
				GCC_WARN_UNUSED_VARIABLE = YES;
				IPHONEOS_DEPLOYMENT_TARGET = 7.1;
				SDKROOT = iphoneos;
				VALIDATE_PRODUCT = YES;
			};
			name = Release;
		};
		C1F3C3E719348D29002D0CA4 /* Debug */ = {
			isa = XCBuildConfiguration;
			baseConfigurationReference = 97ADD0E3A5EB46B2943F63FB /* Pods.xcconfig */;
			buildSettings = {
				ASSETCATALOG_COMPILER_APPICON_NAME = AppIcon;
				ASSETCATALOG_COMPILER_LAUNCHIMAGE_NAME = LaunchImage;
				GCC_PRECOMPILE_PREFIX_HEADER = YES;
				GCC_PREFIX_HEADER = "segmentfault/segmentfault-Prefix.pch";
				INFOPLIST_FILE = "segmentfault/segmentfault-Info.plist";
				PRODUCT_NAME = "$(TARGET_NAME)";
				WRAPPER_EXTENSION = app;
			};
			name = Debug;
		};
		C1F3C3E819348D29002D0CA4 /* Release */ = {
			isa = XCBuildConfiguration;
			baseConfigurationReference = 97ADD0E3A5EB46B2943F63FB /* Pods.xcconfig */;
			buildSettings = {
				ASSETCATALOG_COMPILER_APPICON_NAME = AppIcon;
				ASSETCATALOG_COMPILER_LAUNCHIMAGE_NAME = LaunchImage;
				GCC_PRECOMPILE_PREFIX_HEADER = YES;
				GCC_PREFIX_HEADER = "segmentfault/segmentfault-Prefix.pch";
				INFOPLIST_FILE = "segmentfault/segmentfault-Info.plist";
				PRODUCT_NAME = "$(TARGET_NAME)";
				WRAPPER_EXTENSION = app;
			};
			name = Release;
		};
		C1F3C3EA19348D29002D0CA4 /* Debug */ = {
			isa = XCBuildConfiguration;
			buildSettings = {
				BUNDLE_LOADER = "$(BUILT_PRODUCTS_DIR)/segmentfault.app/segmentfault";
				FRAMEWORK_SEARCH_PATHS = (
					"$(SDKROOT)/Developer/Library/Frameworks",
					"$(inherited)",
					"$(DEVELOPER_FRAMEWORKS_DIR)",
				);
				GCC_PRECOMPILE_PREFIX_HEADER = YES;
				GCC_PREFIX_HEADER = "segmentfault/segmentfault-Prefix.pch";
				GCC_PREPROCESSOR_DEFINITIONS = (
					"DEBUG=1",
					"$(inherited)",
				);
				INFOPLIST_FILE = "segmentfaultTests/segmentfaultTests-Info.plist";
				PRODUCT_NAME = "$(TARGET_NAME)";
				TEST_HOST = "$(BUNDLE_LOADER)";
				WRAPPER_EXTENSION = xctest;
			};
			name = Debug;
		};
		C1F3C3EB19348D29002D0CA4 /* Release */ = {
			isa = XCBuildConfiguration;
			buildSettings = {
				BUNDLE_LOADER = "$(BUILT_PRODUCTS_DIR)/segmentfault.app/segmentfault";
				FRAMEWORK_SEARCH_PATHS = (
					"$(SDKROOT)/Developer/Library/Frameworks",
					"$(inherited)",
					"$(DEVELOPER_FRAMEWORKS_DIR)",
				);
				GCC_PRECOMPILE_PREFIX_HEADER = YES;
				GCC_PREFIX_HEADER = "segmentfault/segmentfault-Prefix.pch";
				INFOPLIST_FILE = "segmentfaultTests/segmentfaultTests-Info.plist";
				PRODUCT_NAME = "$(TARGET_NAME)";
				TEST_HOST = "$(BUNDLE_LOADER)";
				WRAPPER_EXTENSION = xctest;
			};
			name = Release;
		};
/* End XCBuildConfiguration section */

/* Begin XCConfigurationList section */
		C1F3C3AF19348D28002D0CA4 /* Build configuration list for PBXProject "segmentfault" */ = {
			isa = XCConfigurationList;
			buildConfigurations = (
				C1F3C3E419348D29002D0CA4 /* Debug */,
				C1F3C3E519348D29002D0CA4 /* Release */,
			);
			defaultConfigurationIsVisible = 0;
			defaultConfigurationName = Release;
		};
		C1F3C3E619348D29002D0CA4 /* Build configuration list for PBXNativeTarget "segmentfault" */ = {
			isa = XCConfigurationList;
			buildConfigurations = (
				C1F3C3E719348D29002D0CA4 /* Debug */,
				C1F3C3E819348D29002D0CA4 /* Release */,
			);
			defaultConfigurationIsVisible = 0;
			defaultConfigurationName = Release;
		};
		C1F3C3E919348D29002D0CA4 /* Build configuration list for PBXNativeTarget "segmentfaultTests" */ = {
			isa = XCConfigurationList;
			buildConfigurations = (
				C1F3C3EA19348D29002D0CA4 /* Debug */,
				C1F3C3EB19348D29002D0CA4 /* Release */,
			);
			defaultConfigurationIsVisible = 0;
			defaultConfigurationName = Release;
		};
/* End XCConfigurationList section */
	};
	rootObject = C1F3C3AC19348D28002D0CA4 /* Project object */;
}
